
Microsoft Visual Studio Solution File, Format Version 12.00
# Visual Studio 15
VisualStudioVersion = 15.0.28307.136
MinimumVisualStudioVersion = 10.0.40219.1
Project("{FAE04EC0-301F-11D3-BF4B-00C04F79EFBC}") = "DatasetSerializationToJson", "DatasetSerializationToJson\DatasetSerializationToJson.csproj", "{0E5E648C-F441-4DB8-B5B0-F690C9F57613}"
EndProject
Project("{FAE04EC0-301F-11D3-BF4B-00C04F79EFBC}") = "MailgunManagement", "MailgunManagement\MailgunManagement.csproj", "{88BFF57F-C6F1-4A13-A329-CDC8CA2FD7F9}"
EndProject
Project("{FAE04EC0-301F-11D3-BF4B-00C04F79EFBC}") = "LiteDbSample", "LiteDbSample\LiteDbSample.csproj", "{B64D7D7F-135A-4B20-827C-33FA75168652}"
EndProject
Project("{FAE04EC0-301F-11D3-BF4B-00C04F79EFBC}") = "FeedReaderSample", "FeedReaderSample\FeedReaderSample.csproj", "{BC053E91-C793-46D7-8BC2-4A5D43AFF7E7}"
EndProject
Project("{FAE04EC0-301F-11D3-BF4B-00C04F79EFBC}") = "TaskSchedulerSample", "TaskSchedulerSample\TaskSchedulerSample.csproj", "{7B570BE9-DC0E-4D14-9683-7DBAD3F59680}"
EndProject
Project("{9A19103F-16F7-4668-BE54-9A1E7A4F7556}") = "ImportExcelToScript", "ImportExcelToScript\ImportExcelToScript.csproj", "{DC5623E1-4493-4B60-AEC6-56EF5C61A75D}"
EndProject
Project("{9A19103F-16F7-4668-BE54-9A1E7A4F7556}") = "MiscTestSample", "MiscTestSample\MiscTestSample.csproj", "{5FD1FD5D-DB3F-434B-8767-A683E262A6D3}"
EndProject
<<<<<<< HEAD
Project("{FAE04EC0-301F-11D3-BF4B-00C04F79EFBC}") = "MultithreadingSample", "MultithreadingSample\MultithreadingSample.csproj", "{D7DFA151-1654-4D65-B959-BA9E5DC518E4}"
=======
Project("{FAE04EC0-301F-11D3-BF4B-00C04F79EFBC}") = "PocketSharpSample", "PocketSharpSample\PocketSharpSample.csproj", "{40CE5335-9071-4EB5-8EEC-B37B348AC0DD}"
EndProject
Project("{FAE04EC0-301F-11D3-BF4B-00C04F79EFBC}") = "WallabagClientSample", "WallabagClientSample\WallabagClientSample.csproj", "{5641949B-72C1-42A5-BF71-D8DFBB192805}"
>>>>>>> e3cc24754b4490128d9e3597fb961c2a20538a50
EndProject
Global
	GlobalSection(SolutionConfigurationPlatforms) = preSolution
		Debug|Any CPU = Debug|Any CPU
		Release|Any CPU = Release|Any CPU
	EndGlobalSection
	GlobalSection(ProjectConfigurationPlatforms) = postSolution
		{0E5E648C-F441-4DB8-B5B0-F690C9F57613}.Debug|Any CPU.ActiveCfg = Debug|Any CPU
		{0E5E648C-F441-4DB8-B5B0-F690C9F57613}.Debug|Any CPU.Build.0 = Debug|Any CPU
		{0E5E648C-F441-4DB8-B5B0-F690C9F57613}.Release|Any CPU.ActiveCfg = Release|Any CPU
		{0E5E648C-F441-4DB8-B5B0-F690C9F57613}.Release|Any CPU.Build.0 = Release|Any CPU
		{88BFF57F-C6F1-4A13-A329-CDC8CA2FD7F9}.Debug|Any CPU.ActiveCfg = Debug|Any CPU
		{88BFF57F-C6F1-4A13-A329-CDC8CA2FD7F9}.Debug|Any CPU.Build.0 = Debug|Any CPU
		{88BFF57F-C6F1-4A13-A329-CDC8CA2FD7F9}.Release|Any CPU.ActiveCfg = Release|Any CPU
		{88BFF57F-C6F1-4A13-A329-CDC8CA2FD7F9}.Release|Any CPU.Build.0 = Release|Any CPU
		{B64D7D7F-135A-4B20-827C-33FA75168652}.Debug|Any CPU.ActiveCfg = Debug|Any CPU
		{B64D7D7F-135A-4B20-827C-33FA75168652}.Debug|Any CPU.Build.0 = Debug|Any CPU
		{B64D7D7F-135A-4B20-827C-33FA75168652}.Release|Any CPU.ActiveCfg = Release|Any CPU
		{B64D7D7F-135A-4B20-827C-33FA75168652}.Release|Any CPU.Build.0 = Release|Any CPU
		{BC053E91-C793-46D7-8BC2-4A5D43AFF7E7}.Debug|Any CPU.ActiveCfg = Debug|Any CPU
		{BC053E91-C793-46D7-8BC2-4A5D43AFF7E7}.Debug|Any CPU.Build.0 = Debug|Any CPU
		{BC053E91-C793-46D7-8BC2-4A5D43AFF7E7}.Release|Any CPU.ActiveCfg = Release|Any CPU
		{BC053E91-C793-46D7-8BC2-4A5D43AFF7E7}.Release|Any CPU.Build.0 = Release|Any CPU
		{7B570BE9-DC0E-4D14-9683-7DBAD3F59680}.Debug|Any CPU.ActiveCfg = Debug|Any CPU
		{7B570BE9-DC0E-4D14-9683-7DBAD3F59680}.Debug|Any CPU.Build.0 = Debug|Any CPU
		{7B570BE9-DC0E-4D14-9683-7DBAD3F59680}.Release|Any CPU.ActiveCfg = Release|Any CPU
		{7B570BE9-DC0E-4D14-9683-7DBAD3F59680}.Release|Any CPU.Build.0 = Release|Any CPU
		{DC5623E1-4493-4B60-AEC6-56EF5C61A75D}.Debug|Any CPU.ActiveCfg = Debug|Any CPU
		{DC5623E1-4493-4B60-AEC6-56EF5C61A75D}.Debug|Any CPU.Build.0 = Debug|Any CPU
		{DC5623E1-4493-4B60-AEC6-56EF5C61A75D}.Release|Any CPU.ActiveCfg = Release|Any CPU
		{DC5623E1-4493-4B60-AEC6-56EF5C61A75D}.Release|Any CPU.Build.0 = Release|Any CPU
		{5FD1FD5D-DB3F-434B-8767-A683E262A6D3}.Debug|Any CPU.ActiveCfg = Debug|Any CPU
		{5FD1FD5D-DB3F-434B-8767-A683E262A6D3}.Debug|Any CPU.Build.0 = Debug|Any CPU
		{5FD1FD5D-DB3F-434B-8767-A683E262A6D3}.Release|Any CPU.ActiveCfg = Release|Any CPU
		{5FD1FD5D-DB3F-434B-8767-A683E262A6D3}.Release|Any CPU.Build.0 = Release|Any CPU
<<<<<<< HEAD
		{D7DFA151-1654-4D65-B959-BA9E5DC518E4}.Debug|Any CPU.ActiveCfg = Debug|Any CPU
		{D7DFA151-1654-4D65-B959-BA9E5DC518E4}.Debug|Any CPU.Build.0 = Debug|Any CPU
		{D7DFA151-1654-4D65-B959-BA9E5DC518E4}.Release|Any CPU.ActiveCfg = Release|Any CPU
		{D7DFA151-1654-4D65-B959-BA9E5DC518E4}.Release|Any CPU.Build.0 = Release|Any CPU
=======
		{40CE5335-9071-4EB5-8EEC-B37B348AC0DD}.Debug|Any CPU.ActiveCfg = Debug|Any CPU
		{40CE5335-9071-4EB5-8EEC-B37B348AC0DD}.Debug|Any CPU.Build.0 = Debug|Any CPU
		{40CE5335-9071-4EB5-8EEC-B37B348AC0DD}.Release|Any CPU.ActiveCfg = Release|Any CPU
		{40CE5335-9071-4EB5-8EEC-B37B348AC0DD}.Release|Any CPU.Build.0 = Release|Any CPU
		{5641949B-72C1-42A5-BF71-D8DFBB192805}.Debug|Any CPU.ActiveCfg = Debug|Any CPU
		{5641949B-72C1-42A5-BF71-D8DFBB192805}.Debug|Any CPU.Build.0 = Debug|Any CPU
		{5641949B-72C1-42A5-BF71-D8DFBB192805}.Release|Any CPU.ActiveCfg = Release|Any CPU
		{5641949B-72C1-42A5-BF71-D8DFBB192805}.Release|Any CPU.Build.0 = Release|Any CPU
>>>>>>> e3cc24754b4490128d9e3597fb961c2a20538a50
	EndGlobalSection
	GlobalSection(SolutionProperties) = preSolution
		HideSolutionNode = FALSE
	EndGlobalSection
	GlobalSection(ExtensibilityGlobals) = postSolution
		SolutionGuid = {1B3E7949-CEAD-40F1-8ADE-6A95DE312A31}
	EndGlobalSection
EndGlobal
